// !$*UTF8*$!
{
	archiveVersion = 1;
	classes = {
	};
	objectVersion = 50;
	objects = {

/* Begin PBXBuildFile section */
		D4F88CA4233E39F800962A65 /* SourcerySample.h in Headers */ = {isa = PBXBuildFile; fileRef = D4F88CA2233E39F800962A65 /* SourcerySample.h */; settings = {ATTRIBUTES = (Public, ); }; };
		D4F88CAC233E3A7D00962A65 /* Sample1.swift in Sources */ = {isa = PBXBuildFile; fileRef = D4F88CAB233E3A7D00962A65 /* Sample1.swift */; };
		D4F88CB1233E3B2D00962A65 /* Sample2.stencil in Resources */ = {isa = PBXBuildFile; fileRef = D4F88CB0233E3B2D00962A65 /* Sample2.stencil */; };
		D4F88CB3233E3C3100962A65 /* Sample2.swift in Sources */ = {isa = PBXBuildFile; fileRef = D4F88CB2233E3C3100962A65 /* Sample2.swift */; };
		D4F88CB5233E3CD400962A65 /* Sample3.swift in Sources */ = {isa = PBXBuildFile; fileRef = D4F88CB4233E3CD400962A65 /* Sample3.swift */; };
/* End PBXBuildFile section */

/* Begin PBXFileReference section */
		D4F88C9F233E39F800962A65 /* SourcerySample.framework */ = {isa = PBXFileReference; explicitFileType = wrapper.framework; includeInIndex = 0; path = SourcerySample.framework; sourceTree = BUILT_PRODUCTS_DIR; };
		D4F88CA2233E39F800962A65 /* SourcerySample.h */ = {isa = PBXFileReference; lastKnownFileType = sourcecode.c.h; path = SourcerySample.h; sourceTree = "<group>"; };
		D4F88CA3233E39F800962A65 /* Info.plist */ = {isa = PBXFileReference; lastKnownFileType = text.plist.xml; path = Info.plist; sourceTree = "<group>"; };
		D4F88CAB233E3A7D00962A65 /* Sample1.swift */ = {isa = PBXFileReference; lastKnownFileType = sourcecode.swift; path = Sample1.swift; sourceTree = "<group>"; };
		D4F88CAE233E3A8F00962A65 /* Sample1.stencil */ = {isa = PBXFileReference; fileEncoding = 4; lastKnownFileType = text; path = Sample1.stencil; sourceTree = "<group>"; };
		D4F88CB0233E3B2D00962A65 /* Sample2.stencil */ = {isa = PBXFileReference; fileEncoding = 4; lastKnownFileType = text; path = Sample2.stencil; sourceTree = "<group>"; };
		D4F88CB2233E3C3100962A65 /* Sample2.swift */ = {isa = PBXFileReference; lastKnownFileType = sourcecode.swift; path = Sample2.swift; sourceTree = "<group>"; };
		D4F88CB4233E3CD400962A65 /* Sample3.swift */ = {isa = PBXFileReference; lastKnownFileType = sourcecode.swift; path = Sample3.swift; sourceTree = "<group>"; };
/* End PBXFileReference section */

/* Begin PBXFrameworksBuildPhase section */
		D4F88C9C233E39F800962A65 /* Frameworks */ = {
			isa = PBXFrameworksBuildPhase;
			buildActionMask = 2147483647;
			files = (
			);
			runOnlyForDeploymentPostprocessing = 0;
		};
/* End PBXFrameworksBuildPhase section */

/* Begin PBXGroup section */
		D4F88C95233E39F800962A65 = {
			isa = PBXGroup;
			children = (
				D4F88CA1233E39F800962A65 /* SourcerySample */,
				D4F88CA0233E39F800962A65 /* Products */,
			);
			sourceTree = "<group>";
		};
		D4F88CA0233E39F800962A65 /* Products */ = {
			isa = PBXGroup;
			children = (
				D4F88C9F233E39F800962A65 /* SourcerySample.framework */,
			);
			name = Products;
			sourceTree = "<group>";
		};
		D4F88CA1233E39F800962A65 /* SourcerySample */ = {
			isa = PBXGroup;
			children = (
				D4F88CAD233E3A8F00962A65 /* Stencils */,
				D4F88CAA233E3A6F00962A65 /* Samples */,
				D4F88CA2233E39F800962A65 /* SourcerySample.h */,
				D4F88CA3233E39F800962A65 /* Info.plist */,
			);
			path = SourcerySample;
			sourceTree = "<group>";
		};
		D4F88CAA233E3A6F00962A65 /* Samples */ = {
			isa = PBXGroup;
			children = (
				D4F88CAB233E3A7D00962A65 /* Sample1.swift */,
				D4F88CB2233E3C3100962A65 /* Sample2.swift */,
				D4F88CB4233E3CD400962A65 /* Sample3.swift */,
			);
			path = Samples;
			sourceTree = "<group>";
		};
		D4F88CAD233E3A8F00962A65 /* Stencils */ = {
			isa = PBXGroup;
			children = (
				D4F88CAE233E3A8F00962A65 /* Sample1.stencil */,
				D4F88CB0233E3B2D00962A65 /* Sample2.stencil */,
			);
			path = Stencils;
			sourceTree = "<group>";
		};
/* End PBXGroup section */

/* Begin PBXHeadersBuildPhase section */
		D4F88C9A233E39F800962A65 /* Headers */ = {
			isa = PBXHeadersBuildPhase;
			buildActionMask = 2147483647;
			files = (
				D4F88CA4233E39F800962A65 /* SourcerySample.h in Headers */,
			);
			runOnlyForDeploymentPostprocessing = 0;
		};
/* End PBXHeadersBuildPhase section */

/* Begin PBXNativeTarget section */
		D4F88C9E233E39F800962A65 /* SourcerySample */ = {
			isa = PBXNativeTarget;
			buildConfigurationList = D4F88CA7233E39F800962A65 /* Build configuration list for PBXNativeTarget "SourcerySample" */;
			buildPhases = (
				D4F88C9A233E39F800962A65 /* Headers */,
				D4F88C9B233E39F800962A65 /* Sources */,
				D4F88C9C233E39F800962A65 /* Frameworks */,
				D4F88C9D233E39F800962A65 /* Resources */,
			);
			buildRules = (
			);
			dependencies = (
			);
			name = SourcerySample;
			productName = SourcerySample;
			productReference = D4F88C9F233E39F800962A65 /* SourcerySample.framework */;
			productType = "com.apple.product-type.framework";
		};
/* End PBXNativeTarget section */

/* Begin PBXProject section */
		D4F88C96233E39F800962A65 /* Project object */ = {
			isa = PBXProject;
			attributes = {
				LastUpgradeCheck = 1100;
				ORGANIZATIONNAME = "Shinji Kurosawa";
				TargetAttributes = {
					D4F88C9E233E39F800962A65 = {
						CreatedOnToolsVersion = 11.0;
						LastSwiftMigration = 1100;
					};
				};
			};
			buildConfigurationList = D4F88C99233E39F800962A65 /* Build configuration list for PBXProject "SourcerySample" */;
			compatibilityVersion = "Xcode 9.3";
			developmentRegion = en;
			hasScannedForEncodings = 0;
			knownRegions = (
				en,
				Base,
			);
			mainGroup = D4F88C95233E39F800962A65;
			productRefGroup = D4F88CA0233E39F800962A65 /* Products */;
			projectDirPath = "";
			projectRoot = "";
			targets = (
				D4F88C9E233E39F800962A65 /* SourcerySample */,
			);
		};
/* End PBXProject section */

/* Begin PBXResourcesBuildPhase section */
		D4F88C9D233E39F800962A65 /* Resources */ = {
			isa = PBXResourcesBuildPhase;
			buildActionMask = 2147483647;
			files = (
				D4F88CB1233E3B2D00962A65 /* Sample2.stencil in Resources */,
			);
			runOnlyForDeploymentPostprocessing = 0;
		};
/* End PBXResourcesBuildPhase section */

/* Begin PBXSourcesBuildPhase section */
		D4F88C9B233E39F800962A65 /* Sources */ = {
			isa = PBXSourcesBuildPhase;
			buildActionMask = 2147483647;
			files = (
				D4F88CB3233E3C3100962A65 /* Sample2.swift in Sources */,
				D4F88CAC233E3A7D00962A65 /* Sample1.swift in Sources */,
				D4F88CB5233E3CD400962A65 /* Sample3.swift in Sources */,
			);
			runOnlyForDeploymentPostprocessing = 0;
		};
/* End PBXSourcesBuildPhase section */

/* Begin XCBuildConfiguration section */
		D4F88CA5233E39F800962A65 /* Debug */ = {
			isa = XCBuildConfiguration;
			buildSettings = {
				ALWAYS_SEARCH_USER_PATHS = NO;
				CLANG_ANALYZER_NONNULL = YES;
				CLANG_ANALYZER_NUMBER_OBJECT_CONVERSION = YES_AGGRESSIVE;
				CLANG_CXX_LANGUAGE_STANDARD = "gnu++14";
				CLANG_CXX_LIBRARY = "libc++";
				CLANG_ENABLE_MODULES = YES;
				CLANG_ENABLE_OBJC_ARC = YES;
				CLANG_ENABLE_OBJC_WEAK = YES;
				CLANG_WARN_BLOCK_CAPTURE_AUTORELEASING = YES;
				CLANG_WARN_BOOL_CONVERSION = YES;
				CLANG_WARN_COMMA = YES;
				CLANG_WARN_CONSTANT_CONVERSION = YES;
				CLANG_WARN_DEPRECATED_OBJC_IMPLEMENTATIONS = YES;
				CLANG_WARN_DIRECT_OBJC_ISA_USAGE = YES_ERROR;
				CLANG_WARN_DOCUMENTATION_COMMENTS = YES;
				CLANG_WARN_EMPTY_BODY = YES;
				CLANG_WARN_ENUM_CONVERSION = YES;
				CLANG_WARN_INFINITE_RECURSION = YES;
				CLANG_WARN_INT_CONVERSION = YES;
				CLANG_WARN_NON_LITERAL_NULL_CONVERSION = YES;
				CLANG_WARN_OBJC_IMPLICIT_RETAIN_SELF = YES;
				CLANG_WARN_OBJC_LITERAL_CONVERSION = YES;
				CLANG_WARN_OBJC_ROOT_CLASS = YES_ERROR;
				CLANG_WARN_RANGE_LOOP_ANALYSIS = YES;
				CLANG_WARN_STRICT_PROTOTYPES = YES;
				CLANG_WARN_SUSPICIOUS_MOVE = YES;
				CLANG_WARN_UNGUARDED_AVAILABILITY = YES_AGGRESSIVE;
				CLANG_WARN_UNREACHABLE_CODE = YES;
				CLANG_WARN__DUPLICATE_METHOD_MATCH = YES;
				COPY_PHASE_STRIP = NO;
				CURRENT_PROJECT_VERSION = 1;
				DEBUG_INFORMATION_FORMAT = dwarf;
				ENABLE_STRICT_OBJC_MSGSEND = YES;
				ENABLE_TESTABILITY = YES;
				GCC_C_LANGUAGE_STANDARD = gnu11;
				GCC_DYNAMIC_NO_PIC = NO;
				GCC_NO_COMMON_BLOCKS = YES;
				GCC_OPTIMIZATION_LEVEL = 0;
				GCC_PREPROCESSOR_DEFINITIONS = (
					"DEBUG=1",
					"$(inherited)",
				);
				GCC_WARN_64_TO_32_BIT_CONVERSION = YES;
				GCC_WARN_ABOUT_RETURN_TYPE = YES_ERROR;
				GCC_WARN_UNDECLARED_SELECTOR = YES;
				GCC_WARN_UNINITIALIZED_AUTOS = YES_AGGRESSIVE;
				GCC_WARN_UNUSED_FUNCTION = YES;
				GCC_WARN_UNUSED_VARIABLE = YES;
				IPHONEOS_DEPLOYMENT_TARGET = 13.0;
				MTL_ENABLE_DEBUG_INFO = INCLUDE_SOURCE;
				MTL_FAST_MATH = YES;
				ONLY_ACTIVE_ARCH = YES;
				SDKROOT = iphoneos;
				SWIFT_ACTIVE_COMPILATION_CONDITIONS = DEBUG;
				SWIFT_OPTIMIZATION_LEVEL = "-Onone";
				VERSIONING_SYSTEM = "apple-generic";
				VERSION_INFO_PREFIX = "";
			};
			name = Debug;
		};
		D4F88CA6233E39F800962A65 /* Release */ = {
			isa = XCBuildConfiguration;
			buildSettings = {
				ALWAYS_SEARCH_USER_PATHS = NO;
				CLANG_ANALYZER_NONNULL = YES;
				CLANG_ANALYZER_NUMBER_OBJECT_CONVERSION = YES_AGGRESSIVE;
				CLANG_CXX_LANGUAGE_STANDARD = "gnu++14";
				CLANG_CXX_LIBRARY = "libc++";
				CLANG_ENABLE_MODULES = YES;
				CLANG_ENABLE_OBJC_ARC = YES;
				CLANG_ENABLE_OBJC_WEAK = YES;
				CLANG_WARN_BLOCK_CAPTURE_AUTORELEASING = YES;
				CLANG_WARN_BOOL_CONVERSION = YES;
				CLANG_WARN_COMMA = YES;
				CLANG_WARN_CONSTANT_CONVERSION = YES;
				CLANG_WARN_DEPRECATED_OBJC_IMPLEMENTATIONS = YES;
				CLANG_WARN_DIRECT_OBJC_ISA_USAGE = YES_ERROR;
				CLANG_WARN_DOCUMENTATION_COMMENTS = YES;
				CLANG_WARN_EMPTY_BODY = YES;
				CLANG_WARN_ENUM_CONVERSION = YES;
				CLANG_WARN_INFINITE_RECURSION = YES;
				CLANG_WARN_INT_CONVERSION = YES;
				CLANG_WARN_NON_LITERAL_NULL_CONVERSION = YES;
				CLANG_WARN_OBJC_IMPLICIT_RETAIN_SELF = YES;
				CLANG_WARN_OBJC_LITERAL_CONVERSION = YES;
				CLANG_WARN_OBJC_ROOT_CLASS = YES_ERROR;
				CLANG_WARN_RANGE_LOOP_ANALYSIS = YES;
				CLANG_WARN_STRICT_PROTOTYPES = YES;
				CLANG_WARN_SUSPICIOUS_MOVE = YES;
				CLANG_WARN_UNGUARDED_AVAILABILITY = YES_AGGRESSIVE;
				CLANG_WARN_UNREACHABLE_CODE = YES;
				CLANG_WARN__DUPLICATE_METHOD_MATCH = YES;
				COPY_PHASE_STRIP = NO;
				CURRENT_PROJECT_VERSION = 1;
				DEBUG_INFORMATION_FORMAT = "dwarf-with-dsym";
				ENABLE_NS_ASSERTIONS = NO;
				ENABLE_STRICT_OBJC_MSGSEND = YES;
				GCC_C_LANGUAGE_STANDARD = gnu11;
				GCC_NO_COMMON_BLOCKS = YES;
				GCC_WARN_64_TO_32_BIT_CONVERSION = YES;
				GCC_WARN_ABOUT_RETURN_TYPE = YES_ERROR;
				GCC_WARN_UNDECLARED_SELECTOR = YES;
				GCC_WARN_UNINITIALIZED_AUTOS = YES_AGGRESSIVE;
				GCC_WARN_UNUSED_FUNCTION = YES;
				GCC_WARN_UNUSED_VARIABLE = YES;
				IPHONEOS_DEPLOYMENT_TARGET = 13.0;
				MTL_ENABLE_DEBUG_INFO = NO;
				MTL_FAST_MATH = YES;
				SDKROOT = iphoneos;
				SWIFT_COMPILATION_MODE = wholemodule;
				SWIFT_OPTIMIZATION_LEVEL = "-O";
				VALIDATE_PRODUCT = YES;
				VERSIONING_SYSTEM = "apple-generic";
				VERSION_INFO_PREFIX = "";
			};
			name = Release;
		};
		D4F88CA8233E39F800962A65 /* Debug */ = {
			isa = XCBuildConfiguration;
			buildSettings = {
				CLANG_ENABLE_MODULES = YES;
				CODE_SIGN_STYLE = Automatic;
				DEFINES_MODULE = YES;
				DEVELOPMENT_TEAM = S7D5HM735C;
				DYLIB_COMPATIBILITY_VERSION = 1;
				DYLIB_CURRENT_VERSION = 1;
				DYLIB_INSTALL_NAME_BASE = "@rpath";
				INFOPLIST_FILE = SourcerySample/Info.plist;
				INSTALL_PATH = "$(LOCAL_LIBRARY_DIR)/Frameworks";
				LD_RUNPATH_SEARCH_PATHS = (
					"$(inherited)",
					"@executable_path/Frameworks",
					"@loader_path/Frameworks",
				);
				PRODUCT_BUNDLE_IDENTIFIER = com.46kuro.SourcerySample;
				PRODUCT_NAME = "$(TARGET_NAME:c99extidentifier)";
				SKIP_INSTALL = YES;
				SWIFT_OPTIMIZATION_LEVEL = "-Onone";
				SWIFT_VERSION = 5.0;
				TARGETED_DEVICE_FAMILY = "1,2";
			};
			name = Debug;
		};
		D4F88CA9233E39F800962A65 /* Release */ = {
			isa = XCBuildConfiguration;
			buildSettings = {
				CLANG_ENABLE_MODULES = YES;
				CODE_SIGN_STYLE = Automatic;
				DEFINES_MODULE = YES;
				DEVELOPMENT_TEAM = S7D5HM735C;
				DYLIB_COMPATIBILITY_VERSION = 1;
				DYLIB_CURRENT_VERSION = 1;
				DYLIB_INSTALL_NAME_BASE = "@rpath";
				INFOPLIST_FILE = SourcerySample/Info.plist;
				INSTALL_PATH = "$(LOCAL_LIBRARY_DIR)/Frameworks";
				LD_RUNPATH_SEARCH_PATHS = (
					"$(inherited)",
					"@executable_path/Frameworks",
					"@loader_path/Frameworks",
				);
				PRODUCT_BUNDLE_IDENTIFIER = com.46kuro.SourcerySample;
				PRODUCT_NAME = "$(TARGET_NAME:c99extidentifier)";
				SKIP_INSTALL = YES;
				SWIFT_VERSION = 5.0;
				TARGETED_DEVICE_FAMILY = "1,2";
			};
			name = Release;
		};
/* End XCBuildConfiguration section */

/* Begin XCConfigurationList section */
		D4F88C99233E39F800962A65 /* Build configuration list for PBXProject "SourcerySample" */ = {
			isa = XCConfigurationList;
			buildConfigurations = (
				D4F88CA5233E39F800962A65 /* Debug */,
				D4F88CA6233E39F800962A65 /* Release */,
			);
			defaultConfigurationIsVisible = 0;
			defaultConfigurationName = Release;
		};
		D4F88CA7233E39F800962A65 /* Build configuration list for PBXNativeTarget "SourcerySample" */ = {
			isa = XCConfigurationList;
			buildConfigurations = (
				D4F88CA8233E39F800962A65 /* Debug */,
				D4F88CA9233E39F800962A65 /* Release */,
			);
			defaultConfigurationIsVisible = 0;
			defaultConfigurationName = Release;
		};
/* End XCConfigurationList section */
	};
	rootObject = D4F88C96233E39F800962A65 /* Project object */;
}
